lockfileVersion: '6.0'

settings:
  autoInstallPeers: true
  excludeLinksFromLockfile: false

dependencies:
  '@sinclair/typebox':
    specifier: ^0.32.6
    version: 0.32.6

devDependencies:
  '@types/node':
    specifier: '18'
    version: 18.18.7

packages:

  /@sinclair/typebox@0.32.6:
    resolution: {integrity: sha512-mgcPAfLZEL2B/hrF+vPDdwwZ1MR0UuALvz+tI2zx7IYHfREmua3C82XsYgkwxCCJKpO3ibTje4QrHYrOAHWhxA==}
    dev: false

  /@types/node@18.18.7:
    resolution: {integrity: sha512-bw+lEsxis6eqJYW8Ql6+yTqkE6RuFtsQPSe5JxXbqYRFQEER5aJA9a5UH9igqDWm3X4iLHIKOHlnAXLM4mi7uQ==}
    dependencies:
      undici-types: 5.26.5
    dev: true

  /undici-types@5.26.5:
    resolution: {integrity: sha512-JlCMO+ehdEIKqlFxk6IfVoAUVmgz7cU7zD/h9XZ0qzeosSHmUJVOzSQvvYSYWXkFXC+IfLKSIffhv0sVZup6pA==}
    dev: true
